
Microsoft Visual Studio Solution File, Format Version 12.00
# Visual Studio Version 16
VisualStudioVersion = 16.0.30907.101
MinimumVisualStudioVersion = 10.0.40219.1
Project("{9A19103F-16F7-4668-BE54-9A1E7A4F7556}") = "ProvaTake", "ProvaTake.csproj", "{D9E8EC83-CDA5-4304-AA49-B3500F4DB522}"
EndProject
Project("{9A19103F-16F7-4668-BE54-9A1E7A4F7556}") = "ProvaTake.Repository", "..\ProvaTake.Repository\ProvaTake.Repository.csproj", "{11751534-696B-4E93-93E4-894A8B642A56}"
EndProject
Project("{FAE04EC0-301F-11D3-BF4B-00C04F79EFBC}") = "ProvaTake.Domain", "..\ProvaTake.Domain\ProvaTake.Domain.csproj", "{EB0887AF-6532-4751-91E5-42F393D2F899}"
EndProject
Global
	GlobalSection(SolutionConfigurationPlatforms) = preSolution
		Debug|Any CPU = Debug|Any CPU
		Release|Any CPU = Release|Any CPU
	EndGlobalSection
	GlobalSection(ProjectConfigurationPlatforms) = postSolution
		{D9E8EC83-CDA5-4304-AA49-B3500F4DB522}.Debug|Any CPU.ActiveCfg = Debug|Any CPU
		{D9E8EC83-CDA5-4304-AA49-B3500F4DB522}.Debug|Any CPU.Build.0 = Debug|Any CPU
		{D9E8EC83-CDA5-4304-AA49-B3500F4DB522}.Release|Any CPU.ActiveCfg = Release|Any CPU
		{D9E8EC83-CDA5-4304-AA49-B3500F4DB522}.Release|Any CPU.Build.0 = Release|Any CPU
		{11751534-696B-4E93-93E4-894A8B642A56}.Debug|Any CPU.ActiveCfg = Debug|Any CPU
		{11751534-696B-4E93-93E4-894A8B642A56}.Debug|Any CPU.Build.0 = Debug|Any CPU
		{11751534-696B-4E93-93E4-894A8B642A56}.Release|Any CPU.ActiveCfg = Release|Any CPU
		{11751534-696B-4E93-93E4-894A8B642A56}.Release|Any CPU.Build.0 = Release|Any CPU
		{EB0887AF-6532-4751-91E5-42F393D2F899}.Debug|Any CPU.ActiveCfg = Debug|Any CPU
		{EB0887AF-6532-4751-91E5-42F393D2F899}.Debug|Any CPU.Build.0 = Debug|Any CPU
		{EB0887AF-6532-4751-91E5-42F393D2F899}.Release|Any CPU.ActiveCfg = Release|Any CPU
		{EB0887AF-6532-4751-91E5-42F393D2F899}.Release|Any CPU.Build.0 = Release|Any CPU
	EndGlobalSection
	GlobalSection(SolutionProperties) = preSolution
		HideSolutionNode = FALSE
	EndGlobalSection
	GlobalSection(ExtensibilityGlobals) = postSolution
		SolutionGuid = {6A36A04C-B343-48FE-83E0-BCA4CF4442A2}
	EndGlobalSection
EndGlobal
